
Microsoft Visual Studio Solution File, Format Version 9.00
# Visual Studio 2005
Project("{FAE04EC0-301F-11D3-BF4B-00C04F79EFBC}") = "DotNumerics Samples VS2005", "DotNumerics Samples\DotNumerics Samples VS2005.csproj", "{1C395A62-0FBD-4E48-8068-AD794186C3A8}"
EndProject
Project("{FAE04EC0-301F-11D3-BF4B-00C04F79EFBC}") = "DotNumerics VS2005", "..\Source\DotNumerics\DotNumerics VS2005.csproj", "{48185EF1-B73B-457B-AA37-0BCE567C5AB1}"
EndProject
Global
	GlobalSection(SolutionConfigurationPlatforms) = preSolution
		Debug|Any CPU = Debug|Any CPU
		Release|Any CPU = Release|Any CPU
	EndGlobalSection
	GlobalSection(ProjectConfigurationPlatforms) = postSolution
		{1C395A62-0FBD-4E48-8068-AD794186C3A8}.Debug|Any CPU.ActiveCfg = Debug|Any CPU
		{1C395A62-0FBD-4E48-8068-AD794186C3A8}.Debug|Any CPU.Build.0 = Debug|Any CPU
		{1C395A62-0FBD-4E48-8068-AD794186C3A8}.Release|Any CPU.ActiveCfg = Release|Any CPU
		{1C395A62-0FBD-4E48-8068-AD794186C3A8}.Release|Any CPU.Build.0 = Release|Any CPU
		{48185EF1-B73B-457B-AA37-0BCE567C5AB1}.Debug|Any CPU.ActiveCfg = Debug|Any CPU
		{48185EF1-B73B-457B-AA37-0BCE567C5AB1}.Debug|Any CPU.Build.0 = Debug|Any CPU
		{48185EF1-B73B-457B-AA37-0BCE567C5AB1}.Release|Any CPU.ActiveCfg = Release|Any CPU
		{48185EF1-B73B-457B-AA37-0BCE567C5AB1}.Release|Any CPU.Build.0 = Release|Any CPU
	EndGlobalSection
	GlobalSection(SolutionProperties) = preSolution
		HideSolutionNode = FALSE
	EndGlobalSection
EndGlobal

